{
    "name": "no-name-set",
    "lockfileVersion": 2,
    "requires": true,
    "packages": {
        "": {
            "dependencies": {
                "@dataform/core": "3.0.45",
                "dfe-analytics-dataform": "https://github.com/DFE-Digital/dfe-analytics-dataform/archive/refs/tags/v2.4.2.tar.gz"
            }
        },
        "node_modules/@dataform/core": {
            "version": "3.0.45",
            "resolved": "https://registry.npmjs.org/@dataform/core/-/core-3.0.45.tgz",
            "integrity": "sha512-jXCF8fHbGE6ESBKwrDYGnoukzrr6bOpbEKhwacEGE4MKKkZHq7dfv+V/QNz7mDqaGQokLGLzHxcgzDYwgka++A=="
        },
        "node_modules/dfe-analytics-dataform": {
            "resolved": "https://github.com/DFE-Digital/dfe-analytics-dataform/archive/refs/tags/v2.4.2.tar.gz",
            "integrity": "sha512-x3tm+KpwdeDoobAESpFGZY9TChmFOSAs+uQ8oKngdxxIc22MWjx+I2L2rEKjw6LEbAB8WXJENWh789s0ebvxqQ==",
            "dependencies": {
                "@dataform/core": "^3.0.44"
            }
        }
    },
    "dependencies": {
        "@dataform/core": {
            "version": "3.0.45",
            "resolved": "https://registry.npmjs.org/@dataform/core/-/core-3.0.45.tgz",
            "integrity": "sha512-jXCF8fHbGE6ESBKwrDYGnoukzrr6bOpbEKhwacEGE4MKKkZHq7dfv+V/QNz7mDqaGQokLGLzHxcgzDYwgka++A=="
        },
        "dfe-analytics-dataform": {
            "version": "https://github.com/DFE-Digital/dfe-analytics-dataform/archive/refs/tags/v2.4.2.tar.gz",
            "integrity": "sha512-x3tm+KpwdeDoobAESpFGZY9TChmFOSAs+uQ8oKngdxxIc22MWjx+I2L2rEKjw6LEbAB8WXJENWh789s0ebvxqQ==",
            "requires": {
                "@dataform/core": "^3.0.44"
            }
        }
    }
}
