{
    "name": "no-name-set",
    "lockfileVersion": 2,
    "requires": true,
    "packages": {
        "": {
            "dependencies": {
                "@dataform/core": "3.0.45",
                "dfe-analytics-dataform": "https://github.com/DFE-Digital/dfe-analytics-dataform/archive/refs/tags/v2.5.0.tar.gz"
            }
        },
        "node_modules/@dataform/core": {
            "version": "3.0.45",
            "resolved": "https://registry.npmjs.org/@dataform/core/-/core-3.0.45.tgz",
            "integrity": "sha512-jXCF8fHbGE6ESBKwrDYGnoukzrr6bOpbEKhwacEGE4MKKkZHq7dfv+V/QNz7mDqaGQokLGLzHxcgzDYwgka++A=="
        },
        "node_modules/dfe-analytics-dataform": {
            "resolved": "https://github.com/DFE-Digital/dfe-analytics-dataform/archive/refs/tags/v2.5.0.tar.gz",
            "integrity": "sha512-sIzZvCrtwr2pyVAUM+eQyh3BDUd+pxnliX7a6X7FU5GWNH5tdV9BcUOhEWp5G+NN3tm3I2Dv2QXlHz7+tDCnxA==",
            "dependencies": {
                "@dataform/core": "^3.0.56"
            }
        },
        "node_modules/dfe-analytics-dataform/node_modules/@dataform/core": {
            "version": "3.0.58",
            "resolved": "https://registry.npmjs.org/@dataform/core/-/core-3.0.58.tgz",
            "integrity": "sha512-5bJoclhrtfwOMXq0RQc2r/DKyLK79mCem5rfNiFZEAxClecfQfMpyqhtP77eQJ7z4z83nrpZ9a79q49yvbtfqQ=="
        }
    },
    "dependencies": {
        "@dataform/core": {
            "version": "3.0.45",
            "resolved": "https://registry.npmjs.org/@dataform/core/-/core-3.0.45.tgz",
            "integrity": "sha512-jXCF8fHbGE6ESBKwrDYGnoukzrr6bOpbEKhwacEGE4MKKkZHq7dfv+V/QNz7mDqaGQokLGLzHxcgzDYwgka++A=="
        },
        "dfe-analytics-dataform": {
            "version": "https://github.com/DFE-Digital/dfe-analytics-dataform/archive/refs/tags/v2.5.0.tar.gz",
            "integrity": "sha512-sIzZvCrtwr2pyVAUM+eQyh3BDUd+pxnliX7a6X7FU5GWNH5tdV9BcUOhEWp5G+NN3tm3I2Dv2QXlHz7+tDCnxA==",
            "requires": {
                "@dataform/core": "^3.0.56"
            },
            "dependencies": {
                "@dataform/core": {
                    "version": "3.0.58",
                    "resolved": "https://registry.npmjs.org/@dataform/core/-/core-3.0.58.tgz",
                    "integrity": "sha512-5bJoclhrtfwOMXq0RQc2r/DKyLK79mCem5rfNiFZEAxClecfQfMpyqhtP77eQJ7z4z83nrpZ9a79q49yvbtfqQ=="
                }
            }
        }
    }
}
